// !$*UTF8*$!
{
	archiveVersion = 1;
	classes = {
	};
	objectVersion = 46;
	objects = {

/* Begin PBXBuildFile section */
		2332070318A7A40000ACED75 /* HWToolListView.m in Sources */ = {isa = PBXBuildFile; fileRef = 2332070218A7A40000ACED75 /* HWToolListView.m */; };
		2332070418A7A40000ACED75 /* HWToolListView.m in Sources */ = {isa = PBXBuildFile; fileRef = 2332070218A7A40000ACED75 /* HWToolListView.m */; };
		2384C67518A78BBB00A89B6F /* Foundation.framework in Frameworks */ = {isa = PBXBuildFile; fileRef = 2384C67418A78BBB00A89B6F /* Foundation.framework */; };
		2384C67718A78BBB00A89B6F /* CoreGraphics.framework in Frameworks */ = {isa = PBXBuildFile; fileRef = 2384C67618A78BBB00A89B6F /* CoreGraphics.framework */; };
		2384C67918A78BBB00A89B6F /* UIKit.framework in Frameworks */ = {isa = PBXBuildFile; fileRef = 2384C67818A78BBB00A89B6F /* UIKit.framework */; };
		2384C67F18A78BBB00A89B6F /* InfoPlist.strings in Resources */ = {isa = PBXBuildFile; fileRef = 2384C67D18A78BBB00A89B6F /* InfoPlist.strings */; };
		2384C68118A78BBB00A89B6F /* main.m in Sources */ = {isa = PBXBuildFile; fileRef = 2384C68018A78BBB00A89B6F /* main.m */; };
		2384C68518A78BBB00A89B6F /* HWAppDelegate.m in Sources */ = {isa = PBXBuildFile; fileRef = 2384C68418A78BBB00A89B6F /* HWAppDelegate.m */; };
		2384C68818A78BBB00A89B6F /* Main_iPhone.storyboard in Resources */ = {isa = PBXBuildFile; fileRef = 2384C68618A78BBB00A89B6F /* Main_iPhone.storyboard */; };
		2384C68B18A78BBB00A89B6F /* Main_iPad.storyboard in Resources */ = {isa = PBXBuildFile; fileRef = 2384C68918A78BBB00A89B6F /* Main_iPad.storyboard */; };
		2384C68E18A78BBB00A89B6F /* HWViewController.m in Sources */ = {isa = PBXBuildFile; fileRef = 2384C68D18A78BBB00A89B6F /* HWViewController.m */; };
		2384C69018A78BBB00A89B6F /* Images.xcassets in Resources */ = {isa = PBXBuildFile; fileRef = 2384C68F18A78BBB00A89B6F /* Images.xcassets */; };
		2384C69718A78BBB00A89B6F /* XCTest.framework in Frameworks */ = {isa = PBXBuildFile; fileRef = 2384C69618A78BBB00A89B6F /* XCTest.framework */; };
		2384C69818A78BBB00A89B6F /* Foundation.framework in Frameworks */ = {isa = PBXBuildFile; fileRef = 2384C67418A78BBB00A89B6F /* Foundation.framework */; };
		2384C69918A78BBB00A89B6F /* UIKit.framework in Frameworks */ = {isa = PBXBuildFile; fileRef = 2384C67818A78BBB00A89B6F /* UIKit.framework */; };
		2384C6A118A78BBB00A89B6F /* InfoPlist.strings in Resources */ = {isa = PBXBuildFile; fileRef = 2384C69F18A78BBB00A89B6F /* InfoPlist.strings */; };
		2384C6A318A78BBB00A89B6F /* HalloUMLTests.m in Sources */ = {isa = PBXBuildFile; fileRef = 2384C6A218A78BBB00A89B6F /* HalloUMLTests.m */; };
		23AEF37E18C8B33900D15B9A /* HWObjcTableViewController.m in Sources */ = {isa = PBXBuildFile; fileRef = 23AEF37D18C8B33900D15B9A /* HWObjcTableViewController.m */; };
		23AEF38118C8C2E500D15B9A /* expandableImage.png in Resources */ = {isa = PBXBuildFile; fileRef = 23AEF37F18C8C2E500D15B9A /* expandableImage.png */; };
		23AEF38218C8C2E500D15B9A /* expandableImage@2x.png in Resources */ = {isa = PBXBuildFile; fileRef = 23AEF38018C8C2E500D15B9A /* expandableImage@2x.png */; };
		23AEF38518C8C40200D15B9A /* UMLObject.m in Sources */ = {isa = PBXBuildFile; fileRef = 23AEF38418C8C40200D15B9A /* UMLObject.m */; };
		23AEF38918C8C69E00D15B9A /* UMLLine.m in Sources */ = {isa = PBXBuildFile; fileRef = 23AEF38818C8C69E00D15B9A /* UMLLine.m */; };
		23AEF38C18C8C6B100D15B9A /* UMLBox.m in Sources */ = {isa = PBXBuildFile; fileRef = 23AEF38B18C8C6B100D15B9A /* UMLBox.m */; };
		23B7F34718BE13E4004A149F /* bar_left.png in Resources */ = {isa = PBXBuildFile; fileRef = 23B7F34418BE13E4004A149F /* bar_left.png */; };
		23B7F34818BE13E4004A149F /* bar_middle.png in Resources */ = {isa = PBXBuildFile; fileRef = 23B7F34518BE13E4004A149F /* bar_middle.png */; };
		23B7F34918BE13E4004A149F /* bar_right.png in Resources */ = {isa = PBXBuildFile; fileRef = 23B7F34618BE13E4004A149F /* bar_right.png */; };
		23CA17BD18A8FA300036D8E3 /* QuartzCore.framework in Frameworks */ = {isa = PBXBuildFile; fileRef = 23CA17BC18A8FA300036D8E3 /* QuartzCore.framework */; };
		23CA17C018A8FA8A0036D8E3 /* HWActionToolView.m in Sources */ = {isa = PBXBuildFile; fileRef = 23CA17BF18A8FA8A0036D8E3 /* HWActionToolView.m */; };
		23CA17C318A8FBB00036D8E3 /* HWUMLListView.m in Sources */ = {isa = PBXBuildFile; fileRef = 23CA17C218A8FBB00036D8E3 /* HWUMLListView.m */; };
		23CA17C518A8FCBB0036D8E3 /* libsqlite3.0.dylib in Frameworks */ = {isa = PBXBuildFile; fileRef = 23CA17C418A8FCBB0036D8E3 /* libsqlite3.0.dylib */; };
		23CA17D218A8FCF20036D8E3 /* FMDatabase.m in Sources */ = {isa = PBXBuildFile; fileRef = 23CA17C818A8FCF20036D8E3 /* FMDatabase.m */; };
		23CA17D318A8FCF20036D8E3 /* FMDatabase.m in Sources */ = {isa = PBXBuildFile; fileRef = 23CA17C818A8FCF20036D8E3 /* FMDatabase.m */; };
		23CA17D418A8FCF20036D8E3 /* FMDatabaseAdditions.m in Sources */ = {isa = PBXBuildFile; fileRef = 23CA17CA18A8FCF20036D8E3 /* FMDatabaseAdditions.m */; };
		23CA17D518A8FCF20036D8E3 /* FMDatabaseAdditions.m in Sources */ = {isa = PBXBuildFile; fileRef = 23CA17CA18A8FCF20036D8E3 /* FMDatabaseAdditions.m */; };
		23CA17D618A8FCF20036D8E3 /* FMDatabasePool.m in Sources */ = {isa = PBXBuildFile; fileRef = 23CA17CC18A8FCF20036D8E3 /* FMDatabasePool.m */; };
		23CA17D718A8FCF20036D8E3 /* FMDatabasePool.m in Sources */ = {isa = PBXBuildFile; fileRef = 23CA17CC18A8FCF20036D8E3 /* FMDatabasePool.m */; };
		23CA17D818A8FCF20036D8E3 /* FMDatabaseQueue.m in Sources */ = {isa = PBXBuildFile; fileRef = 23CA17CE18A8FCF20036D8E3 /* FMDatabaseQueue.m */; };
		23CA17D918A8FCF20036D8E3 /* FMDatabaseQueue.m in Sources */ = {isa = PBXBuildFile; fileRef = 23CA17CE18A8FCF20036D8E3 /* FMDatabaseQueue.m */; };
		23CA17DB18A8FCF20036D8E3 /* fmdb.m in Sources */ = {isa = PBXBuildFile; fileRef = 23CA17CF18A8FCF20036D8E3 /* fmdb.m */; };
		23CA17DC18A8FCF20036D8E3 /* FMResultSet.m in Sources */ = {isa = PBXBuildFile; fileRef = 23CA17D118A8FCF20036D8E3 /* FMResultSet.m */; };
		23CA17DD18A8FCF20036D8E3 /* FMResultSet.m in Sources */ = {isa = PBXBuildFile; fileRef = 23CA17D118A8FCF20036D8E3 /* FMResultSet.m */; };
		23CA180218A90E970036D8E3 /* HWExpandHeaderView.m in Sources */ = {isa = PBXBuildFile; fileRef = 23CA17FD18A90E970036D8E3 /* HWExpandHeaderView.m */; };
		23CA180318A90E970036D8E3 /* HWExpandHeaderView.m in Sources */ = {isa = PBXBuildFile; fileRef = 23CA17FD18A90E970036D8E3 /* HWExpandHeaderView.m */; };
/* End PBXBuildFile section */

/* Begin PBXContainerItemProxy section */
		2384C69A18A78BBB00A89B6F /* PBXContainerItemProxy */ = {
			isa = PBXContainerItemProxy;
			containerPortal = 2384C66918A78BBA00A89B6F /* Project object */;
			proxyType = 1;
			remoteGlobalIDString = 2384C67018A78BBB00A89B6F;
			remoteInfo = HalloUML;
		};
/* End PBXContainerItemProxy section */

/* Begin PBXFileReference section */
		2332070118A7A40000ACED75 /* HWToolListView.h */ = {isa = PBXFileReference; fileEncoding = 4; lastKnownFileType = sourcecode.c.h; path = HWToolListView.h; sourceTree = "<group>"; };
		2332070218A7A40000ACED75 /* HWToolListView.m */ = {isa = PBXFileReference; fileEncoding = 4; lastKnownFileType = sourcecode.c.objc; path = HWToolListView.m; sourceTree = "<group>"; };
		2384C67118A78BBB00A89B6F /* HalloUML.app */ = {isa = PBXFileReference; explicitFileType = wrapper.application; includeInIndex = 0; path = HalloUML.app; sourceTree = BUILT_PRODUCTS_DIR; };
		2384C67418A78BBB00A89B6F /* Foundation.framework */ = {isa = PBXFileReference; lastKnownFileType = wrapper.framework; name = Foundation.framework; path = System/Library/Frameworks/Foundation.framework; sourceTree = SDKROOT; };
		2384C67618A78BBB00A89B6F /* CoreGraphics.framework */ = {isa = PBXFileReference; lastKnownFileType = wrapper.framework; name = CoreGraphics.framework; path = System/Library/Frameworks/CoreGraphics.framework; sourceTree = SDKROOT; };
		2384C67818A78BBB00A89B6F /* UIKit.framework */ = {isa = PBXFileReference; lastKnownFileType = wrapper.framework; name = UIKit.framework; path = System/Library/Frameworks/UIKit.framework; sourceTree = SDKROOT; };
		2384C67C18A78BBB00A89B6F /* HalloUML-Info.plist */ = {isa = PBXFileReference; lastKnownFileType = text.plist.xml; path = "HalloUML-Info.plist"; sourceTree = "<group>"; };
		2384C67E18A78BBB00A89B6F /* en */ = {isa = PBXFileReference; lastKnownFileType = text.plist.strings; name = en; path = en.lproj/InfoPlist.strings; sourceTree = "<group>"; };
		2384C68018A78BBB00A89B6F /* main.m */ = {isa = PBXFileReference; lastKnownFileType = sourcecode.c.objc; path = main.m; sourceTree = "<group>"; };
		2384C68218A78BBB00A89B6F /* HalloUML-Prefix.pch */ = {isa = PBXFileReference; lastKnownFileType = sourcecode.c.h; path = "HalloUML-Prefix.pch"; sourceTree = "<group>"; };
		2384C68318A78BBB00A89B6F /* HWAppDelegate.h */ = {isa = PBXFileReference; lastKnownFileType = sourcecode.c.h; path = HWAppDelegate.h; sourceTree = "<group>"; };
		2384C68418A78BBB00A89B6F /* HWAppDelegate.m */ = {isa = PBXFileReference; lastKnownFileType = sourcecode.c.objc; path = HWAppDelegate.m; sourceTree = "<group>"; };
		2384C68718A78BBB00A89B6F /* Base */ = {isa = PBXFileReference; lastKnownFileType = file.storyboard; name = Base; path = Base.lproj/Main_iPhone.storyboard; sourceTree = "<group>"; };
		2384C68A18A78BBB00A89B6F /* Base */ = {isa = PBXFileReference; lastKnownFileType = file.storyboard; name = Base; path = Base.lproj/Main_iPad.storyboard; sourceTree = "<group>"; };
		2384C68C18A78BBB00A89B6F /* HWViewController.h */ = {isa = PBXFileReference; lastKnownFileType = sourcecode.c.h; path = HWViewController.h; sourceTree = "<group>"; };
		2384C68D18A78BBB00A89B6F /* HWViewController.m */ = {isa = PBXFileReference; lastKnownFileType = sourcecode.c.objc; path = HWViewController.m; sourceTree = "<group>"; };
		2384C68F18A78BBB00A89B6F /* Images.xcassets */ = {isa = PBXFileReference; lastKnownFileType = folder.assetcatalog; path = Images.xcassets; sourceTree = "<group>"; };
		2384C69518A78BBB00A89B6F /* HalloUMLTests.xctest */ = {isa = PBXFileReference; explicitFileType = wrapper.cfbundle; includeInIndex = 0; path = HalloUMLTests.xctest; sourceTree = BUILT_PRODUCTS_DIR; };
		2384C69618A78BBB00A89B6F /* XCTest.framework */ = {isa = PBXFileReference; lastKnownFileType = wrapper.framework; name = XCTest.framework; path = Library/Frameworks/XCTest.framework; sourceTree = DEVELOPER_DIR; };
		2384C69E18A78BBB00A89B6F /* HalloUMLTests-Info.plist */ = {isa = PBXFileReference; lastKnownFileType = text.plist.xml; path = "HalloUMLTests-Info.plist"; sourceTree = "<group>"; };
		2384C6A018A78BBB00A89B6F /* en */ = {isa = PBXFileReference; lastKnownFileType = text.plist.strings; name = en; path = en.lproj/InfoPlist.strings; sourceTree = "<group>"; };
		2384C6A218A78BBB00A89B6F /* HalloUMLTests.m */ = {isa = PBXFileReference; lastKnownFileType = sourcecode.c.objc; path = HalloUMLTests.m; sourceTree = "<group>"; };
		23AEF37C18C8B33900D15B9A /* HWObjcTableViewController.h */ = {isa = PBXFileReference; fileEncoding = 4; lastKnownFileType = sourcecode.c.h; path = HWObjcTableViewController.h; sourceTree = "<group>"; };
		23AEF37D18C8B33900D15B9A /* HWObjcTableViewController.m */ = {isa = PBXFileReference; fileEncoding = 4; lastKnownFileType = sourcecode.c.objc; path = HWObjcTableViewController.m; sourceTree = "<group>"; };
		23AEF37F18C8C2E500D15B9A /* expandableImage.png */ = {isa = PBXFileReference; lastKnownFileType = image.png; path = expandableImage.png; sourceTree = "<group>"; };
		23AEF38018C8C2E500D15B9A /* expandableImage@2x.png */ = {isa = PBXFileReference; lastKnownFileType = image.png; path = "expandableImage@2x.png"; sourceTree = "<group>"; };
		23AEF38318C8C40200D15B9A /* UMLObject.h */ = {isa = PBXFileReference; fileEncoding = 4; lastKnownFileType = sourcecode.c.h; path = UMLObject.h; sourceTree = "<group>"; };
		23AEF38418C8C40200D15B9A /* UMLObject.m */ = {isa = PBXFileReference; fileEncoding = 4; lastKnownFileType = sourcecode.c.objc; path = UMLObject.m; sourceTree = "<group>"; };
		23AEF38718C8C69E00D15B9A /* UMLLine.h */ = {isa = PBXFileReference; fileEncoding = 4; lastKnownFileType = sourcecode.c.h; path = UMLLine.h; sourceTree = "<group>"; };
		23AEF38818C8C69E00D15B9A /* UMLLine.m */ = {isa = PBXFileReference; fileEncoding = 4; lastKnownFileType = sourcecode.c.objc; path = UMLLine.m; sourceTree = "<group>"; };
		23AEF38A18C8C6B100D15B9A /* UMLBox.h */ = {isa = PBXFileReference; fileEncoding = 4; lastKnownFileType = sourcecode.c.h; path = UMLBox.h; sourceTree = "<group>"; };
		23AEF38B18C8C6B100D15B9A /* UMLBox.m */ = {isa = PBXFileReference; fileEncoding = 4; lastKnownFileType = sourcecode.c.objc; path = UMLBox.m; sourceTree = "<group>"; };
		23B7F34418BE13E4004A149F /* bar_left.png */ = {isa = PBXFileReference; lastKnownFileType = image.png; path = bar_left.png; sourceTree = "<group>"; };
		23B7F34518BE13E4004A149F /* bar_middle.png */ = {isa = PBXFileReference; lastKnownFileType = image.png; path = bar_middle.png; sourceTree = "<group>"; };
		23B7F34618BE13E4004A149F /* bar_right.png */ = {isa = PBXFileReference; lastKnownFileType = image.png; path = bar_right.png; sourceTree = "<group>"; };
		23CA17BC18A8FA300036D8E3 /* QuartzCore.framework */ = {isa = PBXFileReference; lastKnownFileType = wrapper.framework; name = QuartzCore.framework; path = System/Library/Frameworks/QuartzCore.framework; sourceTree = SDKROOT; };
		23CA17BE18A8FA8A0036D8E3 /* HWActionToolView.h */ = {isa = PBXFileReference; fileEncoding = 4; lastKnownFileType = sourcecode.c.h; path = HWActionToolView.h; sourceTree = "<group>"; };
		23CA17BF18A8FA8A0036D8E3 /* HWActionToolView.m */ = {isa = PBXFileReference; fileEncoding = 4; lastKnownFileType = sourcecode.c.objc; path = HWActionToolView.m; sourceTree = "<group>"; };
		23CA17C118A8FBB00036D8E3 /* HWUMLListView.h */ = {isa = PBXFileReference; fileEncoding = 4; lastKnownFileType = sourcecode.c.h; path = HWUMLListView.h; sourceTree = "<group>"; };
		23CA17C218A8FBB00036D8E3 /* HWUMLListView.m */ = {isa = PBXFileReference; fileEncoding = 4; lastKnownFileType = sourcecode.c.objc; path = HWUMLListView.m; sourceTree = "<group>"; };
		23CA17C418A8FCBB0036D8E3 /* libsqlite3.0.dylib */ = {isa = PBXFileReference; lastKnownFileType = "compiled.mach-o.dylib"; name = libsqlite3.0.dylib; path = usr/lib/libsqlite3.0.dylib; sourceTree = SDKROOT; };
		23CA17C718A8FCF20036D8E3 /* FMDatabase.h */ = {isa = PBXFileReference; fileEncoding = 4; lastKnownFileType = sourcecode.c.h; path = FMDatabase.h; sourceTree = "<group>"; };
		23CA17C818A8FCF20036D8E3 /* FMDatabase.m */ = {isa = PBXFileReference; fileEncoding = 4; lastKnownFileType = sourcecode.c.objc; path = FMDatabase.m; sourceTree = "<group>"; };
		23CA17C918A8FCF20036D8E3 /* FMDatabaseAdditions.h */ = {isa = PBXFileReference; fileEncoding = 4; lastKnownFileType = sourcecode.c.h; path = FMDatabaseAdditions.h; sourceTree = "<group>"; };
		23CA17CA18A8FCF20036D8E3 /* FMDatabaseAdditions.m */ = {isa = PBXFileReference; fileEncoding = 4; lastKnownFileType = sourcecode.c.objc; path = FMDatabaseAdditions.m; sourceTree = "<group>"; };
		23CA17CB18A8FCF20036D8E3 /* FMDatabasePool.h */ = {isa = PBXFileReference; fileEncoding = 4; lastKnownFileType = sourcecode.c.h; path = FMDatabasePool.h; sourceTree = "<group>"; };
		23CA17CC18A8FCF20036D8E3 /* FMDatabasePool.m */ = {isa = PBXFileReference; fileEncoding = 4; lastKnownFileType = sourcecode.c.objc; path = FMDatabasePool.m; sourceTree = "<group>"; };
		23CA17CD18A8FCF20036D8E3 /* FMDatabaseQueue.h */ = {isa = PBXFileReference; fileEncoding = 4; lastKnownFileType = sourcecode.c.h; path = FMDatabaseQueue.h; sourceTree = "<group>"; };
		23CA17CE18A8FCF20036D8E3 /* FMDatabaseQueue.m */ = {isa = PBXFileReference; fileEncoding = 4; lastKnownFileType = sourcecode.c.objc; path = FMDatabaseQueue.m; sourceTree = "<group>"; };
		23CA17CF18A8FCF20036D8E3 /* fmdb.m */ = {isa = PBXFileReference; fileEncoding = 4; lastKnownFileType = sourcecode.c.objc; path = fmdb.m; sourceTree = "<group>"; };
		23CA17D018A8FCF20036D8E3 /* FMResultSet.h */ = {isa = PBXFileReference; fileEncoding = 4; lastKnownFileType = sourcecode.c.h; path = FMResultSet.h; sourceTree = "<group>"; };
		23CA17D118A8FCF20036D8E3 /* FMResultSet.m */ = {isa = PBXFileReference; fileEncoding = 4; lastKnownFileType = sourcecode.c.objc; path = FMResultSet.m; sourceTree = "<group>"; };
		23CA17FC18A90E970036D8E3 /* HWExpandHeaderView.h */ = {isa = PBXFileReference; fileEncoding = 4; lastKnownFileType = sourcecode.c.h; path = HWExpandHeaderView.h; sourceTree = "<group>"; };
		23CA17FD18A90E970036D8E3 /* HWExpandHeaderView.m */ = {isa = PBXFileReference; fileEncoding = 4; lastKnownFileType = sourcecode.c.objc; path = HWExpandHeaderView.m; sourceTree = "<group>"; };
/* End PBXFileReference section */

/* Begin PBXFrameworksBuildPhase section */
		2384C66E18A78BBB00A89B6F /* Frameworks */ = {
			isa = PBXFrameworksBuildPhase;
			buildActionMask = 2147483647;
			files = (
				23CA17C518A8FCBB0036D8E3 /* libsqlite3.0.dylib in Frameworks */,
				23CA17BD18A8FA300036D8E3 /* QuartzCore.framework in Frameworks */,
				2384C67718A78BBB00A89B6F /* CoreGraphics.framework in Frameworks */,
				2384C67918A78BBB00A89B6F /* UIKit.framework in Frameworks */,
				2384C67518A78BBB00A89B6F /* Foundation.framework in Frameworks */,
			);
			runOnlyForDeploymentPostprocessing = 0;
		};
		2384C69218A78BBB00A89B6F /* Frameworks */ = {
			isa = PBXFrameworksBuildPhase;
			buildActionMask = 2147483647;
			files = (
				2384C69718A78BBB00A89B6F /* XCTest.framework in Frameworks */,
				2384C69918A78BBB00A89B6F /* UIKit.framework in Frameworks */,
				2384C69818A78BBB00A89B6F /* Foundation.framework in Frameworks */,
			);
			runOnlyForDeploymentPostprocessing = 0;
		};
/* End PBXFrameworksBuildPhase section */

/* Begin PBXGroup section */
		2384C66818A78BBA00A89B6F = {
			isa = PBXGroup;
			children = (
				2384C67A18A78BBB00A89B6F /* HalloUML */,
				2384C69C18A78BBB00A89B6F /* HalloUMLTests */,
				2384C67318A78BBB00A89B6F /* Frameworks */,
				2384C67218A78BBB00A89B6F /* Products */,
			);
			sourceTree = "<group>";
		};
		2384C67218A78BBB00A89B6F /* Products */ = {
			isa = PBXGroup;
			children = (
				2384C67118A78BBB00A89B6F /* HalloUML.app */,
				2384C69518A78BBB00A89B6F /* HalloUMLTests.xctest */,
			);
			name = Products;
			sourceTree = "<group>";
		};
		2384C67318A78BBB00A89B6F /* Frameworks */ = {
			isa = PBXGroup;
			children = (
				23CA17C418A8FCBB0036D8E3 /* libsqlite3.0.dylib */,
				23CA17BC18A8FA300036D8E3 /* QuartzCore.framework */,
				2384C67418A78BBB00A89B6F /* Foundation.framework */,
				2384C67618A78BBB00A89B6F /* CoreGraphics.framework */,
				2384C67818A78BBB00A89B6F /* UIKit.framework */,
				2384C69618A78BBB00A89B6F /* XCTest.framework */,
			);
			name = Frameworks;
			sourceTree = "<group>";
		};
		2384C67A18A78BBB00A89B6F /* HalloUML */ = {
			isa = PBXGroup;
			children = (
				23B7F34318BE13E4004A149F /* PNG */,
				2384C68318A78BBB00A89B6F /* HWAppDelegate.h */,
				2384C68418A78BBB00A89B6F /* HWAppDelegate.m */,
				2384C68618A78BBB00A89B6F /* Main_iPhone.storyboard */,
				2384C68918A78BBB00A89B6F /* Main_iPad.storyboard */,
				2384C68C18A78BBB00A89B6F /* HWViewController.h */,
				2384C68D18A78BBB00A89B6F /* HWViewController.m */,
				23AEF37C18C8B33900D15B9A /* HWObjcTableViewController.h */,
				23AEF37D18C8B33900D15B9A /* HWObjcTableViewController.m */,
				23AEF38618C8C58100D15B9A /* Model */,
				2384C68F18A78BBB00A89B6F /* Images.xcassets */,
				23B7F34218BE01C0004A149F /* OldTool */,
				2384C67B18A78BBB00A89B6F /* Supporting Files */,
				23CA17C618A8FCF20036D8E3 /* FMDB */,
			);
			path = HalloUML;
			sourceTree = "<group>";
		};
		2384C67B18A78BBB00A89B6F /* Supporting Files */ = {
			isa = PBXGroup;
			children = (
				2384C67C18A78BBB00A89B6F /* HalloUML-Info.plist */,
				2384C67D18A78BBB00A89B6F /* InfoPlist.strings */,
				2384C68018A78BBB00A89B6F /* main.m */,
				2384C68218A78BBB00A89B6F /* HalloUML-Prefix.pch */,
			);
			name = "Supporting Files";
			sourceTree = "<group>";
		};
		2384C69C18A78BBB00A89B6F /* HalloUMLTests */ = {
			isa = PBXGroup;
			children = (
				2384C6A218A78BBB00A89B6F /* HalloUMLTests.m */,
				2384C69D18A78BBB00A89B6F /* Supporting Files */,
			);
			path = HalloUMLTests;
			sourceTree = "<group>";
		};
		2384C69D18A78BBB00A89B6F /* Supporting Files */ = {
			isa = PBXGroup;
			children = (
				2384C69E18A78BBB00A89B6F /* HalloUMLTests-Info.plist */,
				2384C69F18A78BBB00A89B6F /* InfoPlist.strings */,
			);
			name = "Supporting Files";
			sourceTree = "<group>";
		};
		23AEF38618C8C58100D15B9A /* Model */ = {
			isa = PBXGroup;
			children = (
				23AEF38318C8C40200D15B9A /* UMLObject.h */,
				23AEF38418C8C40200D15B9A /* UMLObject.m */,
				23AEF38718C8C69E00D15B9A /* UMLLine.h */,
				23AEF38818C8C69E00D15B9A /* UMLLine.m */,
				23AEF38A18C8C6B100D15B9A /* UMLBox.h */,
				23AEF38B18C8C6B100D15B9A /* UMLBox.m */,
			);
			name = Model;
			sourceTree = "<group>";
		};
		23B7F34218BE01C0004A149F /* OldTool */ = {
			isa = PBXGroup;
			children = (
				2332070118A7A40000ACED75 /* HWToolListView.h */,
				2332070218A7A40000ACED75 /* HWToolListView.m */,
				23CA17BE18A8FA8A0036D8E3 /* HWActionToolView.h */,
				23CA17BF18A8FA8A0036D8E3 /* HWActionToolView.m */,
				23CA17C118A8FBB00036D8E3 /* HWUMLListView.h */,
				23CA17C218A8FBB00036D8E3 /* HWUMLListView.m */,
				23CA17FC18A90E970036D8E3 /* HWExpandHeaderView.h */,
				23CA17FD18A90E970036D8E3 /* HWExpandHeaderView.m */,
			);
			name = OldTool;
			sourceTree = "<group>";
		};
		23B7F34318BE13E4004A149F /* PNG */ = {
			isa = PBXGroup;
			children = (
				23AEF37F18C8C2E500D15B9A /* expandableImage.png */,
				23AEF38018C8C2E500D15B9A /* expandableImage@2x.png */,
				23B7F34418BE13E4004A149F /* bar_left.png */,
				23B7F34518BE13E4004A149F /* bar_middle.png */,
				23B7F34618BE13E4004A149F /* bar_right.png */,
			);
			path = PNG;
			sourceTree = "<group>";
		};
		23CA17C618A8FCF20036D8E3 /* FMDB */ = {
			isa = PBXGroup;
			children = (
				23CA17C718A8FCF20036D8E3 /* FMDatabase.h */,
				23CA17C818A8FCF20036D8E3 /* FMDatabase.m */,
				23CA17C918A8FCF20036D8E3 /* FMDatabaseAdditions.h */,
				23CA17CA18A8FCF20036D8E3 /* FMDatabaseAdditions.m */,
				23CA17CB18A8FCF20036D8E3 /* FMDatabasePool.h */,
				23CA17CC18A8FCF20036D8E3 /* FMDatabasePool.m */,
				23CA17CD18A8FCF20036D8E3 /* FMDatabaseQueue.h */,
				23CA17CE18A8FCF20036D8E3 /* FMDatabaseQueue.m */,
				23CA17CF18A8FCF20036D8E3 /* fmdb.m */,
				23CA17D018A8FCF20036D8E3 /* FMResultSet.h */,
				23CA17D118A8FCF20036D8E3 /* FMResultSet.m */,
			);
			path = FMDB;
			sourceTree = "<group>";
		};
/* End PBXGroup section */

/* Begin PBXNativeTarget section */
		2384C67018A78BBB00A89B6F /* HalloUML */ = {
			isa = PBXNativeTarget;
			buildConfigurationList = 2384C6A618A78BBB00A89B6F /* Build configuration list for PBXNativeTarget "HalloUML" */;
			buildPhases = (
				2384C66D18A78BBB00A89B6F /* Sources */,
				2384C66E18A78BBB00A89B6F /* Frameworks */,
				2384C66F18A78BBB00A89B6F /* Resources */,
			);
			buildRules = (
			);
			dependencies = (
			);
			name = HalloUML;
			productName = HalloUML;
			productReference = 2384C67118A78BBB00A89B6F /* HalloUML.app */;
			productType = "com.apple.product-type.application";
		};
		2384C69418A78BBB00A89B6F /* HalloUMLTests */ = {
			isa = PBXNativeTarget;
			buildConfigurationList = 2384C6A918A78BBB00A89B6F /* Build configuration list for PBXNativeTarget "HalloUMLTests" */;
			buildPhases = (
				2384C69118A78BBB00A89B6F /* Sources */,
				2384C69218A78BBB00A89B6F /* Frameworks */,
				2384C69318A78BBB00A89B6F /* Resources */,
			);
			buildRules = (
			);
			dependencies = (
				2384C69B18A78BBB00A89B6F /* PBXTargetDependency */,
			);
			name = HalloUMLTests;
			productName = HalloUMLTests;
			productReference = 2384C69518A78BBB00A89B6F /* HalloUMLTests.xctest */;
			productType = "com.apple.product-type.bundle.unit-test";
		};
/* End PBXNativeTarget section */

/* Begin PBXProject section */
		2384C66918A78BBA00A89B6F /* Project object */ = {
			isa = PBXProject;
			attributes = {
				CLASSPREFIX = HW;
				LastUpgradeCheck = 0500;
				ORGANIZATIONNAME = HalloWorld;
				TargetAttributes = {
					2384C67018A78BBB00A89B6F = {
						DevelopmentTeam = 7N48XR35J8;
					};
					2384C69418A78BBB00A89B6F = {
						TestTargetID = 2384C67018A78BBB00A89B6F;
					};
				};
			};
			buildConfigurationList = 2384C66C18A78BBB00A89B6F /* Build configuration list for PBXProject "HalloUML" */;
			compatibilityVersion = "Xcode 3.2";
			developmentRegion = English;
			hasScannedForEncodings = 0;
			knownRegions = (
				en,
				Base,
			);
			mainGroup = 2384C66818A78BBA00A89B6F;
			productRefGroup = 2384C67218A78BBB00A89B6F /* Products */;
			projectDirPath = "";
			projectRoot = "";
			targets = (
				2384C67018A78BBB00A89B6F /* HalloUML */,
				2384C69418A78BBB00A89B6F /* HalloUMLTests */,
			);
		};
/* End PBXProject section */

/* Begin PBXResourcesBuildPhase section */
		2384C66F18A78BBB00A89B6F /* Resources */ = {
			isa = PBXResourcesBuildPhase;
			buildActionMask = 2147483647;
			files = (
				2384C68B18A78BBB00A89B6F /* Main_iPad.storyboard in Resources */,
				2384C69018A78BBB00A89B6F /* Images.xcassets in Resources */,
				23B7F34818BE13E4004A149F /* bar_middle.png in Resources */,
				2384C68818A78BBB00A89B6F /* Main_iPhone.storyboard in Resources */,
				23B7F34918BE13E4004A149F /* bar_right.png in Resources */,
				23AEF38218C8C2E500D15B9A /* expandableImage@2x.png in Resources */,
				23AEF38118C8C2E500D15B9A /* expandableImage.png in Resources */,
				23B7F34718BE13E4004A149F /* bar_left.png in Resources */,
				2384C67F18A78BBB00A89B6F /* InfoPlist.strings in Resources */,
			);
			runOnlyForDeploymentPostprocessing = 0;
		};
		2384C69318A78BBB00A89B6F /* Resources */ = {
			isa = PBXResourcesBuildPhase;
			buildActionMask = 2147483647;
			files = (
				2384C6A118A78BBB00A89B6F /* InfoPlist.strings in Resources */,
			);
			runOnlyForDeploymentPostprocessing = 0;
		};
/* End PBXResourcesBuildPhase section */

/* Begin PBXSourcesBuildPhase section */
		2384C66D18A78BBB00A89B6F /* Sources */ = {
			isa = PBXSourcesBuildPhase;
			buildActionMask = 2147483647;
			files = (
				23CA17C318A8FBB00036D8E3 /* HWUMLListView.m in Sources */,
				23AEF38518C8C40200D15B9A /* UMLObject.m in Sources */,
				2384C68E18A78BBB00A89B6F /* HWViewController.m in Sources */,
				23CA180218A90E970036D8E3 /* HWExpandHeaderView.m in Sources */,
				2384C68118A78BBB00A89B6F /* main.m in Sources */,
				23CA17D218A8FCF20036D8E3 /* FMDatabase.m in Sources */,
				23AEF37E18C8B33900D15B9A /* HWObjcTableViewController.m in Sources */,
				23CA17D618A8FCF20036D8E3 /* FMDatabasePool.m in Sources */,
				23CA17D818A8FCF20036D8E3 /* FMDatabaseQueue.m in Sources */,
				23CA17DC18A8FCF20036D8E3 /* FMResultSet.m in Sources */,
				23AEF38C18C8C6B100D15B9A /* UMLBox.m in Sources */,
				2384C68518A78BBB00A89B6F /* HWAppDelegate.m in Sources */,
				2332070318A7A40000ACED75 /* HWToolListView.m in Sources */,
				23CA17C018A8FA8A0036D8E3 /* HWActionToolView.m in Sources */,
				23CA17D418A8FCF20036D8E3 /* FMDatabaseAdditions.m in Sources */,
				23AEF38918C8C69E00D15B9A /* UMLLine.m in Sources */,
			);
			runOnlyForDeploymentPostprocessing = 0;
		};
		2384C69118A78BBB00A89B6F /* Sources */ = {
			isa = PBXSourcesBuildPhase;
			buildActionMask = 2147483647;
			files = (
				23CA17D318A8FCF20036D8E3 /* FMDatabase.m in Sources */,
				2384C6A318A78BBB00A89B6F /* HalloUMLTests.m in Sources */,
				23CA17DB18A8FCF20036D8E3 /* fmdb.m in Sources */,
				23CA180318A90E970036D8E3 /* HWExpandHeaderView.m in Sources */,
				23CA17D718A8FCF20036D8E3 /* FMDatabasePool.m in Sources */,
				2332070418A7A40000ACED75 /* HWToolListView.m in Sources */,
				23CA17D518A8FCF20036D8E3 /* FMDatabaseAdditions.m in Sources */,
				23CA17DD18A8FCF20036D8E3 /* FMResultSet.m in Sources */,
				23CA17D918A8FCF20036D8E3 /* FMDatabaseQueue.m in Sources */,
			);
			runOnlyForDeploymentPostprocessing = 0;
		};
/* End PBXSourcesBuildPhase section */

/* Begin PBXTargetDependency section */
		2384C69B18A78BBB00A89B6F /* PBXTargetDependency */ = {
			isa = PBXTargetDependency;
			target = 2384C67018A78BBB00A89B6F /* HalloUML */;
			targetProxy = 2384C69A18A78BBB00A89B6F /* PBXContainerItemProxy */;
		};
/* End PBXTargetDependency section */

/* Begin PBXVariantGroup section */
		2384C67D18A78BBB00A89B6F /* InfoPlist.strings */ = {
			isa = PBXVariantGroup;
			children = (
				2384C67E18A78BBB00A89B6F /* en */,
			);
			name = InfoPlist.strings;
			sourceTree = "<group>";
		};
		2384C68618A78BBB00A89B6F /* Main_iPhone.storyboard */ = {
			isa = PBXVariantGroup;
			children = (
				2384C68718A78BBB00A89B6F /* Base */,
			);
			name = Main_iPhone.storyboard;
			sourceTree = "<group>";
		};
		2384C68918A78BBB00A89B6F /* Main_iPad.storyboard */ = {
			isa = PBXVariantGroup;
			children = (
				2384C68A18A78BBB00A89B6F /* Base */,
			);
			name = Main_iPad.storyboard;
			sourceTree = "<group>";
		};
		2384C69F18A78BBB00A89B6F /* InfoPlist.strings */ = {
			isa = PBXVariantGroup;
			children = (
				2384C6A018A78BBB00A89B6F /* en */,
			);
			name = InfoPlist.strings;
			sourceTree = "<group>";
		};
/* End PBXVariantGroup section */

/* Begin XCBuildConfiguration section */
		2384C6A418A78BBB00A89B6F /* Debug */ = {
			isa = XCBuildConfiguration;
			buildSettings = {
				ALWAYS_SEARCH_USER_PATHS = NO;
				ARCHS = "$(ARCHS_STANDARD_INCLUDING_64_BIT)";
				CLANG_CXX_LANGUAGE_STANDARD = "gnu++0x";
				CLANG_CXX_LIBRARY = "libc++";
				CLANG_ENABLE_MODULES = YES;
				CLANG_ENABLE_OBJC_ARC = YES;
				CLANG_WARN_BOOL_CONVERSION = YES;
				CLANG_WARN_CONSTANT_CONVERSION = YES;
				CLANG_WARN_DIRECT_OBJC_ISA_USAGE = YES_ERROR;
				CLANG_WARN_EMPTY_BODY = YES;
				CLANG_WARN_ENUM_CONVERSION = YES;
				CLANG_WARN_INT_CONVERSION = YES;
				CLANG_WARN_OBJC_ROOT_CLASS = YES_ERROR;
				CLANG_WARN__DUPLICATE_METHOD_MATCH = YES;
				"CODE_SIGN_IDENTITY[sdk=iphoneos*]" = "iPhone Developer";
				COPY_PHASE_STRIP = NO;
				GCC_C_LANGUAGE_STANDARD = gnu99;
				GCC_DYNAMIC_NO_PIC = NO;
				GCC_OPTIMIZATION_LEVEL = 0;
				GCC_PREPROCESSOR_DEFINITIONS = (
					"DEBUG=1",
					"$(inherited)",
				);
				GCC_SYMBOLS_PRIVATE_EXTERN = NO;
				GCC_WARN_64_TO_32_BIT_CONVERSION = YES;
				GCC_WARN_ABOUT_RETURN_TYPE = YES_ERROR;
				GCC_WARN_UNDECLARED_SELECTOR = YES;
				GCC_WARN_UNINITIALIZED_AUTOS = YES;
				GCC_WARN_UNUSED_FUNCTION = YES;
				GCC_WARN_UNUSED_VARIABLE = YES;
				IPHONEOS_DEPLOYMENT_TARGET = 6.0;
				ONLY_ACTIVE_ARCH = YES;
				SDKROOT = iphoneos;
				TARGETED_DEVICE_FAMILY = "1,2";
			};
			name = Debug;
		};
		2384C6A518A78BBB00A89B6F /* Release */ = {
			isa = XCBuildConfiguration;
			buildSettings = {
				ALWAYS_SEARCH_USER_PATHS = NO;
				ARCHS = "$(ARCHS_STANDARD_INCLUDING_64_BIT)";
				CLANG_CXX_LANGUAGE_STANDARD = "gnu++0x";
				CLANG_CXX_LIBRARY = "libc++";
				CLANG_ENABLE_MODULES = YES;
				CLANG_ENABLE_OBJC_ARC = YES;
				CLANG_WARN_BOOL_CONVERSION = YES;
				CLANG_WARN_CONSTANT_CONVERSION = YES;
				CLANG_WARN_DIRECT_OBJC_ISA_USAGE = YES_ERROR;
				CLANG_WARN_EMPTY_BODY = YES;
				CLANG_WARN_ENUM_CONVERSION = YES;
				CLANG_WARN_INT_CONVERSION = YES;
				CLANG_WARN_OBJC_ROOT_CLASS = YES_ERROR;
				CLANG_WARN__DUPLICATE_METHOD_MATCH = YES;
				"CODE_SIGN_IDENTITY[sdk=iphoneos*]" = "iPhone Developer";
				COPY_PHASE_STRIP = YES;
				ENABLE_NS_ASSERTIONS = NO;
				GCC_C_LANGUAGE_STANDARD = gnu99;
				GCC_WARN_64_TO_32_BIT_CONVERSION = YES;
				GCC_WARN_ABOUT_RETURN_TYPE = YES_ERROR;
				GCC_WARN_UNDECLARED_SELECTOR = YES;
				GCC_WARN_UNINITIALIZED_AUTOS = YES;
				GCC_WARN_UNUSED_FUNCTION = YES;
				GCC_WARN_UNUSED_VARIABLE = YES;
				IPHONEOS_DEPLOYMENT_TARGET = 6.0;
				SDKROOT = iphoneos;
				TARGETED_DEVICE_FAMILY = "1,2";
				VALIDATE_PRODUCT = YES;
			};
			name = Release;
		};
		2384C6A718A78BBB00A89B6F /* Debug */ = {
			isa = XCBuildConfiguration;
			buildSettings = {
				ASSETCATALOG_COMPILER_APPICON_NAME = AppIcon;
				ASSETCATALOG_COMPILER_LAUNCHIMAGE_NAME = LaunchImage;
				CODE_SIGN_IDENTITY = "iPhone Developer";
				GCC_PRECOMPILE_PREFIX_HEADER = YES;
				GCC_PREFIX_HEADER = "HalloUML/HalloUML-Prefix.pch";
				INFOPLIST_FILE = "HalloUML/HalloUML-Info.plist";
				PRODUCT_NAME = "$(TARGET_NAME)";
				TARGETED_DEVICE_FAMILY = 2;
				WRAPPER_EXTENSION = app;
			};
			name = Debug;
		};
		2384C6A818A78BBB00A89B6F /* Release */ = {
			isa = XCBuildConfiguration;
			buildSettings = {
				ASSETCATALOG_COMPILER_APPICON_NAME = AppIcon;
				ASSETCATALOG_COMPILER_LAUNCHIMAGE_NAME = LaunchImage;
				CODE_SIGN_IDENTITY = "iPhone Developer";
				GCC_PRECOMPILE_PREFIX_HEADER = YES;
				GCC_PREFIX_HEADER = "HalloUML/HalloUML-Prefix.pch";
				INFOPLIST_FILE = "HalloUML/HalloUML-Info.plist";
				PRODUCT_NAME = "$(TARGET_NAME)";
				TARGETED_DEVICE_FAMILY = 2;
				WRAPPER_EXTENSION = app;
			};
			name = Release;
		};
		2384C6AA18A78BBB00A89B6F /* Debug */ = {
			isa = XCBuildConfiguration;
			buildSettings = {
				ARCHS = "$(ARCHS_STANDARD_INCLUDING_64_BIT)";
				BUNDLE_LOADER = "$(BUILT_PRODUCTS_DIR)/HalloUML.app/HalloUML";
				FRAMEWORK_SEARCH_PATHS = (
					"$(SDKROOT)/Developer/Library/Frameworks",
					"$(inherited)",
					"$(DEVELOPER_FRAMEWORKS_DIR)",
				);
				GCC_PRECOMPILE_PREFIX_HEADER = YES;
				GCC_PREFIX_HEADER = "HalloUML/HalloUML-Prefix.pch";
				GCC_PREPROCESSOR_DEFINITIONS = (
					"DEBUG=1",
					"$(inherited)",
				);
				INFOPLIST_FILE = "HalloUMLTests/HalloUMLTests-Info.plist";
				PRODUCT_NAME = "$(TARGET_NAME)";
				TEST_HOST = "$(BUNDLE_LOADER)";
				WRAPPER_EXTENSION = xctest;
			};
			name = Debug;
		};
		2384C6AB18A78BBB00A89B6F /* Release */ = {
			isa = XCBuildConfiguration;
			buildSettings = {
				ARCHS = "$(ARCHS_STANDARD_INCLUDING_64_BIT)";
				BUNDLE_LOADER = "$(BUILT_PRODUCTS_DIR)/HalloUML.app/HalloUML";
				FRAMEWORK_SEARCH_PATHS = (
					"$(SDKROOT)/Developer/Library/Frameworks",
					"$(inherited)",
					"$(DEVELOPER_FRAMEWORKS_DIR)",
				);
				GCC_PRECOMPILE_PREFIX_HEADER = YES;
				GCC_PREFIX_HEADER = "HalloUML/HalloUML-Prefix.pch";
				INFOPLIST_FILE = "HalloUMLTests/HalloUMLTests-Info.plist";
				PRODUCT_NAME = "$(TARGET_NAME)";
				TEST_HOST = "$(BUNDLE_LOADER)";
				WRAPPER_EXTENSION = xctest;
			};
			name = Release;
		};
/* End XCBuildConfiguration section */

/* Begin XCConfigurationList section */
		2384C66C18A78BBB00A89B6F /* Build configuration list for PBXProject "HalloUML" */ = {
			isa = XCConfigurationList;
			buildConfigurations = (
				2384C6A418A78BBB00A89B6F /* Debug */,
				2384C6A518A78BBB00A89B6F /* Release */,
			);
			defaultConfigurationIsVisible = 0;
			defaultConfigurationName = Release;
		};
		2384C6A618A78BBB00A89B6F /* Build configuration list for PBXNativeTarget "HalloUML" */ = {
			isa = XCConfigurationList;
			buildConfigurations = (
				2384C6A718A78BBB00A89B6F /* Debug */,
				2384C6A818A78BBB00A89B6F /* Release */,
			);
			defaultConfigurationIsVisible = 0;
			defaultConfigurationName = Release;
		};
		2384C6A918A78BBB00A89B6F /* Build configuration list for PBXNativeTarget "HalloUMLTests" */ = {
			isa = XCConfigurationList;
			buildConfigurations = (
				2384C6AA18A78BBB00A89B6F /* Debug */,
				2384C6AB18A78BBB00A89B6F /* Release */,
			);
			defaultConfigurationIsVisible = 0;
			defaultConfigurationName = Release;
		};
/* End XCConfigurationList section */
	};
	rootObject = 2384C66918A78BBA00A89B6F /* Project object */;
}
